Microsoft Visual Studio Solution File, Format Version 12.00
# Visual Studio Version 17
VisualStudioVersion = 17.0.31912.275
MinimumVisualStudioVersion = 10.0.40219.1
Project("{FAE04EC0-301F-11D3-BF4B-00C04F79EFBC}") = "FF14SubmarinesActPlugin", "FF14SubmarinesActPlugin.csproj", "{9F9AF6E8-6E2A-4C5E-B9F3-7C8A4E6D4E9B}"
EndProject
Global
	GlobalSection(SolutionConfigurationPlatforms) = preSolution
		Debug|Any CPU = Debug|Any CPU
		Release|Any CPU = Release|Any CPU
	EndGlobalSection
	GlobalSection(ProjectConfigurationPlatforms) = postSolution
		{9F9AF6E8-6E2A-4C5E-B9F3-7C8A4E6D4E9B}.Debug|Any CPU.ActiveCfg = Debug|Any CPU
		{9F9AF6E8-6E2A-4C5E-B9F3-7C8A4E6D4E9B}.Debug|Any CPU.Build.0 = Debug|Any CPU
		{9F9AF6E8-6E2A-4C5E-B9F3-7C8A4E6D4E9B}.Release|Any CPU.ActiveCfg = Release|Any CPU
		{9F9AF6E8-6E2A-4C5E-B9F3-7C8A4E6D4E9B}.Release|Any CPU.Build.0 = Release|Any CPU
	EndGlobalSection
	GlobalSection(SolutionProperties) = preSolution
		HideSolutionNode = FALSE
	EndGlobalSection
EndGlobal
